
Microsoft Visual Studio Solution File, Format Version 12.00
# Visual Studio Version 17
VisualStudioVersion = 17.2.32630.192
MinimumVisualStudioVersion = 10.0.40219.1
Project("{FAE04EC0-301F-11D3-BF4B-00C04F79EFBC}") = "ReflectionEx", "Reflection\ReflectionEx.csproj", "{8C0721E2-7686-4DFE-94D3-1DDCE290F52C}"
EndProject
Global
	GlobalSection(SolutionConfigurationPlatforms) = preSolution
		Debug|Any CPU = Debug|Any CPU
		Release|Any CPU = Release|Any CPU
	EndGlobalSection
	GlobalSection(ProjectConfigurationPlatforms) = postSolution
		{8C0721E2-7686-4DFE-94D3-1DDCE290F52C}.Debug|Any CPU.ActiveCfg = Debug|Any CPU
		{8C0721E2-7686-4DFE-94D3-1DDCE290F52C}.Debug|Any CPU.Build.0 = Debug|Any CPU
		{8C0721E2-7686-4DFE-94D3-1DDCE290F52C}.Release|Any CPU.ActiveCfg = Release|Any CPU
		{8C0721E2-7686-4DFE-94D3-1DDCE290F52C}.Release|Any CPU.Build.0 = Release|Any CPU
	EndGlobalSection
	GlobalSection(SolutionProperties) = preSolution
		HideSolutionNode = FALSE
	EndGlobalSection
	GlobalSection(ExtensibilityGlobals) = postSolution
		SolutionGuid = {C7B1557A-81B5-4713-8500-CD103934220A}
	EndGlobalSection
EndGlobal
